
Microsoft Visual Studio Solution File, Format Version 12.00
# Visual Studio Version 16
VisualStudioVersion = 16.0.30804.86
MinimumVisualStudioVersion = 10.0.40219.1
Project("{FAE04EC0-301F-11D3-BF4B-00C04F79EFBC}") = "NewDate", "NewDate\NewDate.csproj", "{BB8787FA-DCF0-4110-85A4-2899E29F871B}"
EndProject
Global
	GlobalSection(SolutionConfigurationPlatforms) = preSolution
		Debug|Any CPU = Debug|Any CPU
		Release|Any CPU = Release|Any CPU
	EndGlobalSection
	GlobalSection(ProjectConfigurationPlatforms) = postSolution
		{BB8787FA-DCF0-4110-85A4-2899E29F871B}.Debug|Any CPU.ActiveCfg = Debug|Any CPU
		{BB8787FA-DCF0-4110-85A4-2899E29F871B}.Debug|Any CPU.Build.0 = Debug|Any CPU
		{BB8787FA-DCF0-4110-85A4-2899E29F871B}.Release|Any CPU.ActiveCfg = Release|Any CPU
		{BB8787FA-DCF0-4110-85A4-2899E29F871B}.Release|Any CPU.Build.0 = Release|Any CPU
	EndGlobalSection
	GlobalSection(SolutionProperties) = preSolution
		HideSolutionNode = FALSE
	EndGlobalSection
	GlobalSection(ExtensibilityGlobals) = postSolution
		SolutionGuid = {3AE148CE-DDBD-4B3B-9D20-A482F99C0F87}
	EndGlobalSection
EndGlobal
